
Microsoft Visual Studio Solution File, Format Version 12.00
# Visual Studio 15
VisualStudioVersion = 15.0.27428.2015
MinimumVisualStudioVersion = 10.0.40219.1
Project("{FAE04EC0-301F-11D3-BF4B-00C04F79EFBC}") = "InitechSupportManagerUI", "InitechSupportManagerUI\InitechSupportManagerUI.csproj", "{4632D89D-E769-4B5B-ABAD-786309809301}"
EndProject
Project("{FAE04EC0-301F-11D3-BF4B-00C04F79EFBC}") = "InitechSupportManagerLib", "InitechSupportManagerLib\InitechSupportManagerLib.csproj", "{49B49BB3-3B34-44A5-B40B-5937F5B2A1B8}"
EndProject
Project("{FAE04EC0-301F-11D3-BF4B-00C04F79EFBC}") = "InitechSupportManagerLibTest", "InitechSupportManagerLibTest\InitechSupportManagerLibTest.csproj", "{A47CFE73-F3AE-4E95-B9F2-4D9031876807}"
EndProject
Global
	GlobalSection(SolutionConfigurationPlatforms) = preSolution
		Debug|Any CPU = Debug|Any CPU
		Release|Any CPU = Release|Any CPU
	EndGlobalSection
	GlobalSection(ProjectConfigurationPlatforms) = postSolution
		{4632D89D-E769-4B5B-ABAD-786309809301}.Debug|Any CPU.ActiveCfg = Debug|Any CPU
		{4632D89D-E769-4B5B-ABAD-786309809301}.Debug|Any CPU.Build.0 = Debug|Any CPU
		{4632D89D-E769-4B5B-ABAD-786309809301}.Release|Any CPU.ActiveCfg = Release|Any CPU
		{4632D89D-E769-4B5B-ABAD-786309809301}.Release|Any CPU.Build.0 = Release|Any CPU
		{49B49BB3-3B34-44A5-B40B-5937F5B2A1B8}.Debug|Any CPU.ActiveCfg = Debug|Any CPU
		{49B49BB3-3B34-44A5-B40B-5937F5B2A1B8}.Debug|Any CPU.Build.0 = Debug|Any CPU
		{49B49BB3-3B34-44A5-B40B-5937F5B2A1B8}.Release|Any CPU.ActiveCfg = Release|Any CPU
		{49B49BB3-3B34-44A5-B40B-5937F5B2A1B8}.Release|Any CPU.Build.0 = Release|Any CPU
		{A47CFE73-F3AE-4E95-B9F2-4D9031876807}.Debug|Any CPU.ActiveCfg = Debug|Any CPU
		{A47CFE73-F3AE-4E95-B9F2-4D9031876807}.Debug|Any CPU.Build.0 = Debug|Any CPU
		{A47CFE73-F3AE-4E95-B9F2-4D9031876807}.Release|Any CPU.ActiveCfg = Release|Any CPU
		{A47CFE73-F3AE-4E95-B9F2-4D9031876807}.Release|Any CPU.Build.0 = Release|Any CPU
	EndGlobalSection
	GlobalSection(SolutionProperties) = preSolution
		HideSolutionNode = FALSE
	EndGlobalSection
	GlobalSection(ExtensibilityGlobals) = postSolution
		SolutionGuid = {F90689A6-3725-4359-BFDF-790D4C35BA12}
	EndGlobalSection
EndGlobal
